
Microsoft Visual Studio Solution File, Format Version 12.00
# Visual Studio 2012
Project("{FAE04EC0-301F-11D3-BF4B-00C04F79EFBC}") = "Heapsorting", "Heapsorting\Heapsorting.csproj", "{7BF707DB-2D80-4CA0-AE6A-7A66C1C5C99C}"
EndProject
Global
	GlobalSection(SolutionConfigurationPlatforms) = preSolution
		Debug|Any CPU = Debug|Any CPU
		Release|Any CPU = Release|Any CPU
	EndGlobalSection
	GlobalSection(ProjectConfigurationPlatforms) = postSolution
		{7BF707DB-2D80-4CA0-AE6A-7A66C1C5C99C}.Debug|Any CPU.ActiveCfg = Debug|Any CPU
		{7BF707DB-2D80-4CA0-AE6A-7A66C1C5C99C}.Debug|Any CPU.Build.0 = Debug|Any CPU
		{7BF707DB-2D80-4CA0-AE6A-7A66C1C5C99C}.Release|Any CPU.ActiveCfg = Release|Any CPU
		{7BF707DB-2D80-4CA0-AE6A-7A66C1C5C99C}.Release|Any CPU.Build.0 = Release|Any CPU
	EndGlobalSection
EndGlobal
