
Microsoft Visual Studio Solution File, Format Version 12.00
# Visual Studio 15
VisualStudioVersion = 15.0.28010.2026
MinimumVisualStudioVersion = 10.0.40219.1
Project("{FAE04EC0-301F-11D3-BF4B-00C04F79EFBC}") = "Exercises1_2", "Exercises1_2\Exercises1_2.csproj", "{31166A91-FA56-45B2-9823-E83BAB5D41C2}"
EndProject
Global
	GlobalSection(SolutionConfigurationPlatforms) = preSolution
		Debug|Any CPU = Debug|Any CPU
		Release|Any CPU = Release|Any CPU
	EndGlobalSection
	GlobalSection(ProjectConfigurationPlatforms) = postSolution
		{31166A91-FA56-45B2-9823-E83BAB5D41C2}.Debug|Any CPU.ActiveCfg = Debug|Any CPU
		{31166A91-FA56-45B2-9823-E83BAB5D41C2}.Debug|Any CPU.Build.0 = Debug|Any CPU
		{31166A91-FA56-45B2-9823-E83BAB5D41C2}.Release|Any CPU.ActiveCfg = Release|Any CPU
		{31166A91-FA56-45B2-9823-E83BAB5D41C2}.Release|Any CPU.Build.0 = Release|Any CPU
	EndGlobalSection
	GlobalSection(SolutionProperties) = preSolution
		HideSolutionNode = FALSE
	EndGlobalSection
	GlobalSection(ExtensibilityGlobals) = postSolution
		SolutionGuid = {BABDE7F2-0520-4368-BE28-EC750CC37BD6}
	EndGlobalSection
EndGlobal
