
Microsoft Visual Studio Solution File, Format Version 12.00
# Visual Studio 15
VisualStudioVersion = 15.0.28307.271
MinimumVisualStudioVersion = 10.0.40219.1
Project("{FAE04EC0-301F-11D3-BF4B-00C04F79EFBC}") = "Practice01", "Practice01\Practice01.csproj", "{3D490417-DE0F-4267-80FB-6DD28D74D664}"
EndProject
Project("{FAE04EC0-301F-11D3-BF4B-00C04F79EFBC}") = "TestPractice01", "TestPractice01\TestPractice01.csproj", "{FFA3B164-CB6A-40D6-B389-448F6F25A228}"
EndProject
Global
	GlobalSection(SolutionConfigurationPlatforms) = preSolution
		Debug|Any CPU = Debug|Any CPU
		Release|Any CPU = Release|Any CPU
	EndGlobalSection
	GlobalSection(ProjectConfigurationPlatforms) = postSolution
		{3D490417-DE0F-4267-80FB-6DD28D74D664}.Debug|Any CPU.ActiveCfg = Debug|Any CPU
		{3D490417-DE0F-4267-80FB-6DD28D74D664}.Debug|Any CPU.Build.0 = Debug|Any CPU
		{3D490417-DE0F-4267-80FB-6DD28D74D664}.Release|Any CPU.ActiveCfg = Release|Any CPU
		{3D490417-DE0F-4267-80FB-6DD28D74D664}.Release|Any CPU.Build.0 = Release|Any CPU
		{FFA3B164-CB6A-40D6-B389-448F6F25A228}.Debug|Any CPU.ActiveCfg = Debug|Any CPU
		{FFA3B164-CB6A-40D6-B389-448F6F25A228}.Debug|Any CPU.Build.0 = Debug|Any CPU
		{FFA3B164-CB6A-40D6-B389-448F6F25A228}.Release|Any CPU.ActiveCfg = Release|Any CPU
		{FFA3B164-CB6A-40D6-B389-448F6F25A228}.Release|Any CPU.Build.0 = Release|Any CPU
	EndGlobalSection
	GlobalSection(SolutionProperties) = preSolution
		HideSolutionNode = FALSE
	EndGlobalSection
	GlobalSection(ExtensibilityGlobals) = postSolution
		SolutionGuid = {BE1BF39C-4EFD-415E-8843-4D3EB933384B}
	EndGlobalSection
EndGlobal
